
Microsoft Visual Studio Solution File, Format Version 12.00
Project("{FAE04EC0-301F-11D3-BF4B-00C04F79EFBC}") = "CSharp-Calculator", "CSharp-Calculator.csproj", "{9336F22A-0A87-4BB8-AA41-203214603922}"
EndProject
Global
	GlobalSection(SolutionConfigurationPlatforms) = preSolution
		Debug|Any CPU = Debug|Any CPU
		Release|Any CPU = Release|Any CPU
	EndGlobalSection
	GlobalSection(ProjectConfigurationPlatforms) = postSolution
		{9336F22A-0A87-4BB8-AA41-203214603922}.Debug|Any CPU.ActiveCfg = Debug|Any CPU
		{9336F22A-0A87-4BB8-AA41-203214603922}.Debug|Any CPU.Build.0 = Debug|Any CPU
		{9336F22A-0A87-4BB8-AA41-203214603922}.Release|Any CPU.ActiveCfg = Release|Any CPU
		{9336F22A-0A87-4BB8-AA41-203214603922}.Release|Any CPU.Build.0 = Release|Any CPU
	EndGlobalSection
EndGlobal
